
Microsoft Visual Studio Solution File, Format Version 12.00
# Visual Studio Version 17
VisualStudioVersion = 17.13.35931.197
MinimumVisualStudioVersion = 10.0.40219.1
Project("{2150E333-8FDC-42A3-9474-1A3956D46DE8}") = "Src", "Src", "{02EA681E-C7D8-13C7-8484-4AC65E1B71E8}"
EndProject
Project("{2150E333-8FDC-42A3-9474-1A3956D46DE8}") = "Core", "Core", "{372431B4-DB5B-4A9B-8E65-39E58918277D}"
EndProject
Project("{9A19103F-16F7-4668-BE54-9A1E7A4F7556}") = "Domain", "Src\Core\Domain\Domain.csproj", "{FF0BE016-5E25-47F6-90CF-EEC22B41C3EF}"
EndProject
Project("{2150E333-8FDC-42A3-9474-1A3956D46DE8}") = "Endpoint", "Endpoint", "{61CB0F13-F7D2-4312-BB62-C5969935A70C}"
EndProject
Project("{2150E333-8FDC-42A3-9474-1A3956D46DE8}") = "Infrastructure", "Infrastructure", "{F5EA354D-9B08-4DDB-982C-2F2D20EB1BB3}"
EndProject
Project("{9A19103F-16F7-4668-BE54-9A1E7A4F7556}") = "ExternalAdapter", "Src\Infrastructure\ExternalAdapter\ExternalAdapter.csproj", "{AC23AD81-E62E-4492-9A12-6287376C7D98}"
EndProject
Project("{9A19103F-16F7-4668-BE54-9A1E7A4F7556}") = "Persistent", "Src\Infrastructure\Persistent\Persistent.csproj", "{13338E73-DA42-4980-BEBF-A3176565ECB6}"
EndProject
Project("{9A19103F-16F7-4668-BE54-9A1E7A4F7556}") = "Client.Api", "Src\Endpoint\Client.Api\Client.Api.csproj", "{43DEDC3A-8CDA-4C87-A25D-C3FBD186FF21}"
EndProject
Project("{9A19103F-16F7-4668-BE54-9A1E7A4F7556}") = "Service", "Src\Core\Service\Service.csproj", "{EB7F1EC7-9448-4811-9F93-880B7F6CE464}"
EndProject
Global
	GlobalSection(SolutionConfigurationPlatforms) = preSolution
		Debug|Any CPU = Debug|Any CPU
		Release|Any CPU = Release|Any CPU
	EndGlobalSection
	GlobalSection(ProjectConfigurationPlatforms) = postSolution
		{FF0BE016-5E25-47F6-90CF-EEC22B41C3EF}.Debug|Any CPU.ActiveCfg = Debug|Any CPU
		{FF0BE016-5E25-47F6-90CF-EEC22B41C3EF}.Debug|Any CPU.Build.0 = Debug|Any CPU
		{FF0BE016-5E25-47F6-90CF-EEC22B41C3EF}.Release|Any CPU.ActiveCfg = Release|Any CPU
		{FF0BE016-5E25-47F6-90CF-EEC22B41C3EF}.Release|Any CPU.Build.0 = Release|Any CPU
		{AC23AD81-E62E-4492-9A12-6287376C7D98}.Debug|Any CPU.ActiveCfg = Debug|Any CPU
		{AC23AD81-E62E-4492-9A12-6287376C7D98}.Debug|Any CPU.Build.0 = Debug|Any CPU
		{AC23AD81-E62E-4492-9A12-6287376C7D98}.Release|Any CPU.ActiveCfg = Release|Any CPU
		{AC23AD81-E62E-4492-9A12-6287376C7D98}.Release|Any CPU.Build.0 = Release|Any CPU
		{13338E73-DA42-4980-BEBF-A3176565ECB6}.Debug|Any CPU.ActiveCfg = Debug|Any CPU
		{13338E73-DA42-4980-BEBF-A3176565ECB6}.Debug|Any CPU.Build.0 = Debug|Any CPU
		{13338E73-DA42-4980-BEBF-A3176565ECB6}.Release|Any CPU.ActiveCfg = Release|Any CPU
		{13338E73-DA42-4980-BEBF-A3176565ECB6}.Release|Any CPU.Build.0 = Release|Any CPU
		{43DEDC3A-8CDA-4C87-A25D-C3FBD186FF21}.Debug|Any CPU.ActiveCfg = Debug|Any CPU
		{43DEDC3A-8CDA-4C87-A25D-C3FBD186FF21}.Debug|Any CPU.Build.0 = Debug|Any CPU
		{43DEDC3A-8CDA-4C87-A25D-C3FBD186FF21}.Release|Any CPU.ActiveCfg = Release|Any CPU
		{43DEDC3A-8CDA-4C87-A25D-C3FBD186FF21}.Release|Any CPU.Build.0 = Release|Any CPU
		{EB7F1EC7-9448-4811-9F93-880B7F6CE464}.Debug|Any CPU.ActiveCfg = Debug|Any CPU
		{EB7F1EC7-9448-4811-9F93-880B7F6CE464}.Debug|Any CPU.Build.0 = Debug|Any CPU
		{EB7F1EC7-9448-4811-9F93-880B7F6CE464}.Release|Any CPU.ActiveCfg = Release|Any CPU
		{EB7F1EC7-9448-4811-9F93-880B7F6CE464}.Release|Any CPU.Build.0 = Release|Any CPU
	EndGlobalSection
	GlobalSection(SolutionProperties) = preSolution
		HideSolutionNode = FALSE
	EndGlobalSection
	GlobalSection(NestedProjects) = preSolution
		{372431B4-DB5B-4A9B-8E65-39E58918277D} = {02EA681E-C7D8-13C7-8484-4AC65E1B71E8}
		{FF0BE016-5E25-47F6-90CF-EEC22B41C3EF} = {372431B4-DB5B-4A9B-8E65-39E58918277D}
		{61CB0F13-F7D2-4312-BB62-C5969935A70C} = {02EA681E-C7D8-13C7-8484-4AC65E1B71E8}
		{F5EA354D-9B08-4DDB-982C-2F2D20EB1BB3} = {02EA681E-C7D8-13C7-8484-4AC65E1B71E8}
		{AC23AD81-E62E-4492-9A12-6287376C7D98} = {F5EA354D-9B08-4DDB-982C-2F2D20EB1BB3}
		{13338E73-DA42-4980-BEBF-A3176565ECB6} = {F5EA354D-9B08-4DDB-982C-2F2D20EB1BB3}
		{43DEDC3A-8CDA-4C87-A25D-C3FBD186FF21} = {61CB0F13-F7D2-4312-BB62-C5969935A70C}
		{EB7F1EC7-9448-4811-9F93-880B7F6CE464} = {372431B4-DB5B-4A9B-8E65-39E58918277D}
	EndGlobalSection
	GlobalSection(ExtensibilityGlobals) = postSolution
		SolutionGuid = {EB0149A5-C0B3-4EA7-8E06-FEB4F47F3602}
	EndGlobalSection
EndGlobal
