
Microsoft Visual Studio Solution File, Format Version 12.00
# Visual Studio Version 17
VisualStudioVersion = 17.13.35931.197
MinimumVisualStudioVersion = 10.0.40219.1
Project("{2150E333-8FDC-42A3-9474-1A3956D46DE8}") = "Src", "Src", "{02EA681E-C7D8-13C7-8484-4AC65E1B71E8}"
EndProject
Project("{2150E333-8FDC-42A3-9474-1A3956D46DE8}") = "Core", "Core", "{372431B4-DB5B-4A9B-8E65-39E58918277D}"
EndProject
Project("{2150E333-8FDC-42A3-9474-1A3956D46DE8}") = "Endpoint", "Endpoint", "{61CB0F13-F7D2-4312-BB62-C5969935A70C}"
EndProject
Project("{2150E333-8FDC-42A3-9474-1A3956D46DE8}") = "Infrastructure", "Infrastructure", "{F5EA354D-9B08-4DDB-982C-2F2D20EB1BB3}"
EndProject
Project("{9A19103F-16F7-4668-BE54-9A1E7A4F7556}") = "ExternalAdapter", "Src\Infrastructure\ExternalAdapter\ExternalAdapter.csproj", "{AC23AD81-E62E-4492-9A12-6287376C7D98}"
EndProject
Project("{9A19103F-16F7-4668-BE54-9A1E7A4F7556}") = "Store.Persistent", "Src\Infrastructure\Store.Persistent\Store.Persistent.csproj", "{A79260CF-C9CE-BD88-6746-344281054F42}"
EndProject
Project("{9A19103F-16F7-4668-BE54-9A1E7A4F7556}") = "Store.Api", "Src\Endpoint\Store.Api\Store.Api.csproj", "{E802ADA8-A280-FE97-2D59-AD4A752B68D3}"
EndProject
Project("{9A19103F-16F7-4668-BE54-9A1E7A4F7556}") = "Store.Domain", "Src\Core\Store.Domain\Store.Domain.csproj", "{A3175144-812D-4F1F-0403-32A2988AB951}"
EndProject
Project("{9A19103F-16F7-4668-BE54-9A1E7A4F7556}") = "Store.Service", "Src\Core\Store.Service\Store.Service.csproj", "{565333ED-B611-C277-0EC8-7837884A2E04}"
EndProject
Project("{FAE04EC0-301F-11D3-BF4B-00C04F79EFBC}") = "Store.Shared", "Src\Core\Store.Shared\Store.Shared.csproj", "{5DE9D903-3C3A-47B6-A5A2-239033B63AAE}"
EndProject
Global
	GlobalSection(SolutionConfigurationPlatforms) = preSolution
		Debug|Any CPU = Debug|Any CPU
		Release|Any CPU = Release|Any CPU
	EndGlobalSection
	GlobalSection(ProjectConfigurationPlatforms) = postSolution
		{AC23AD81-E62E-4492-9A12-6287376C7D98}.Debug|Any CPU.ActiveCfg = Debug|Any CPU
		{AC23AD81-E62E-4492-9A12-6287376C7D98}.Debug|Any CPU.Build.0 = Debug|Any CPU
		{AC23AD81-E62E-4492-9A12-6287376C7D98}.Release|Any CPU.ActiveCfg = Release|Any CPU
		{AC23AD81-E62E-4492-9A12-6287376C7D98}.Release|Any CPU.Build.0 = Release|Any CPU
		{A79260CF-C9CE-BD88-6746-344281054F42}.Debug|Any CPU.ActiveCfg = Debug|Any CPU
		{A79260CF-C9CE-BD88-6746-344281054F42}.Debug|Any CPU.Build.0 = Debug|Any CPU
		{A79260CF-C9CE-BD88-6746-344281054F42}.Release|Any CPU.ActiveCfg = Release|Any CPU
		{A79260CF-C9CE-BD88-6746-344281054F42}.Release|Any CPU.Build.0 = Release|Any CPU
		{E802ADA8-A280-FE97-2D59-AD4A752B68D3}.Debug|Any CPU.ActiveCfg = Debug|Any CPU
		{E802ADA8-A280-FE97-2D59-AD4A752B68D3}.Debug|Any CPU.Build.0 = Debug|Any CPU
		{E802ADA8-A280-FE97-2D59-AD4A752B68D3}.Release|Any CPU.ActiveCfg = Release|Any CPU
		{E802ADA8-A280-FE97-2D59-AD4A752B68D3}.Release|Any CPU.Build.0 = Release|Any CPU
		{A3175144-812D-4F1F-0403-32A2988AB951}.Debug|Any CPU.ActiveCfg = Debug|Any CPU
		{A3175144-812D-4F1F-0403-32A2988AB951}.Debug|Any CPU.Build.0 = Debug|Any CPU
		{A3175144-812D-4F1F-0403-32A2988AB951}.Release|Any CPU.ActiveCfg = Release|Any CPU
		{A3175144-812D-4F1F-0403-32A2988AB951}.Release|Any CPU.Build.0 = Release|Any CPU
		{565333ED-B611-C277-0EC8-7837884A2E04}.Debug|Any CPU.ActiveCfg = Debug|Any CPU
		{565333ED-B611-C277-0EC8-7837884A2E04}.Debug|Any CPU.Build.0 = Debug|Any CPU
		{565333ED-B611-C277-0EC8-7837884A2E04}.Release|Any CPU.ActiveCfg = Release|Any CPU
		{565333ED-B611-C277-0EC8-7837884A2E04}.Release|Any CPU.Build.0 = Release|Any CPU
		{5DE9D903-3C3A-47B6-A5A2-239033B63AAE}.Debug|Any CPU.ActiveCfg = Debug|Any CPU
		{5DE9D903-3C3A-47B6-A5A2-239033B63AAE}.Debug|Any CPU.Build.0 = Debug|Any CPU
		{5DE9D903-3C3A-47B6-A5A2-239033B63AAE}.Release|Any CPU.ActiveCfg = Release|Any CPU
		{5DE9D903-3C3A-47B6-A5A2-239033B63AAE}.Release|Any CPU.Build.0 = Release|Any CPU
	EndGlobalSection
	GlobalSection(SolutionProperties) = preSolution
		HideSolutionNode = FALSE
	EndGlobalSection
	GlobalSection(NestedProjects) = preSolution
		{372431B4-DB5B-4A9B-8E65-39E58918277D} = {02EA681E-C7D8-13C7-8484-4AC65E1B71E8}
		{61CB0F13-F7D2-4312-BB62-C5969935A70C} = {02EA681E-C7D8-13C7-8484-4AC65E1B71E8}
		{F5EA354D-9B08-4DDB-982C-2F2D20EB1BB3} = {02EA681E-C7D8-13C7-8484-4AC65E1B71E8}
		{AC23AD81-E62E-4492-9A12-6287376C7D98} = {F5EA354D-9B08-4DDB-982C-2F2D20EB1BB3}
		{A79260CF-C9CE-BD88-6746-344281054F42} = {F5EA354D-9B08-4DDB-982C-2F2D20EB1BB3}
		{E802ADA8-A280-FE97-2D59-AD4A752B68D3} = {61CB0F13-F7D2-4312-BB62-C5969935A70C}
		{A3175144-812D-4F1F-0403-32A2988AB951} = {372431B4-DB5B-4A9B-8E65-39E58918277D}
		{565333ED-B611-C277-0EC8-7837884A2E04} = {372431B4-DB5B-4A9B-8E65-39E58918277D}
		{5DE9D903-3C3A-47B6-A5A2-239033B63AAE} = {372431B4-DB5B-4A9B-8E65-39E58918277D}
	EndGlobalSection
	GlobalSection(ExtensibilityGlobals) = postSolution
		SolutionGuid = {EB0149A5-C0B3-4EA7-8E06-FEB4F47F3602}
	EndGlobalSection
EndGlobal
